
Microsoft Visual Studio Solution File, Format Version 12.00
# Visual Studio Version 16
VisualStudioVersion = 16.0.31410.357
MinimumVisualStudioVersion = 10.0.40219.1
Project("{9A19103F-16F7-4668-BE54-9A1E7A4F7556}") = "FlcIO.Business", "src\FlcIO.Business\FlcIO.Business.csproj", "{8FEC4F7B-87C4-4DE6-B31F-A7189A2D1519}"
EndProject
Project("{9A19103F-16F7-4668-BE54-9A1E7A4F7556}") = "FlcIO.Data", "src\FlcIO.Data\FlcIO.Data.csproj", "{C5D1A9E6-B37A-409E-9C75-C79850C8303C}"
EndProject
Project("{FAE04EC0-301F-11D3-BF4B-00C04F79EFBC}") = "FlcIO.App", "src\FlcIO.App\FlcIO.App.csproj", "{D53B2B7C-5DE9-416E-A08A-C74CCD09BE3C}"
EndProject
Global
	GlobalSection(SolutionConfigurationPlatforms) = preSolution
		Debug|Any CPU = Debug|Any CPU
		Release|Any CPU = Release|Any CPU
	EndGlobalSection
	GlobalSection(ProjectConfigurationPlatforms) = postSolution
		{8FEC4F7B-87C4-4DE6-B31F-A7189A2D1519}.Debug|Any CPU.ActiveCfg = Debug|Any CPU
		{8FEC4F7B-87C4-4DE6-B31F-A7189A2D1519}.Debug|Any CPU.Build.0 = Debug|Any CPU
		{8FEC4F7B-87C4-4DE6-B31F-A7189A2D1519}.Release|Any CPU.ActiveCfg = Release|Any CPU
		{8FEC4F7B-87C4-4DE6-B31F-A7189A2D1519}.Release|Any CPU.Build.0 = Release|Any CPU
		{C5D1A9E6-B37A-409E-9C75-C79850C8303C}.Debug|Any CPU.ActiveCfg = Debug|Any CPU
		{C5D1A9E6-B37A-409E-9C75-C79850C8303C}.Debug|Any CPU.Build.0 = Debug|Any CPU
		{C5D1A9E6-B37A-409E-9C75-C79850C8303C}.Release|Any CPU.ActiveCfg = Release|Any CPU
		{C5D1A9E6-B37A-409E-9C75-C79850C8303C}.Release|Any CPU.Build.0 = Release|Any CPU
		{D53B2B7C-5DE9-416E-A08A-C74CCD09BE3C}.Debug|Any CPU.ActiveCfg = Debug|Any CPU
		{D53B2B7C-5DE9-416E-A08A-C74CCD09BE3C}.Debug|Any CPU.Build.0 = Debug|Any CPU
		{D53B2B7C-5DE9-416E-A08A-C74CCD09BE3C}.Release|Any CPU.ActiveCfg = Release|Any CPU
		{D53B2B7C-5DE9-416E-A08A-C74CCD09BE3C}.Release|Any CPU.Build.0 = Release|Any CPU
	EndGlobalSection
	GlobalSection(SolutionProperties) = preSolution
		HideSolutionNode = FALSE
	EndGlobalSection
	GlobalSection(ExtensibilityGlobals) = postSolution
		SolutionGuid = {24E2FDE6-E16F-49F3-9D9B-7BCF8B5410CF}
	EndGlobalSection
EndGlobal
